
Microsoft Visual Studio Solution File, Format Version 12.00
# Visual Studio Version 16
VisualStudioVersion = 16.0.31702.278
MinimumVisualStudioVersion = 10.0.40219.1
Project("{FAE04EC0-301F-11D3-BF4B-00C04F79EFBC}") = "trabquantumboard", "trabquantumboard.csproj", "{D68D8A06-FA6A-4C26-BC96-100F3CD1868B}"
EndProject
Global
	GlobalSection(SolutionConfigurationPlatforms) = preSolution
		Debug|Any CPU = Debug|Any CPU
		Release|Any CPU = Release|Any CPU
	EndGlobalSection
	GlobalSection(ProjectConfigurationPlatforms) = postSolution
		{D68D8A06-FA6A-4C26-BC96-100F3CD1868B}.Debug|Any CPU.ActiveCfg = Debug|Any CPU
		{D68D8A06-FA6A-4C26-BC96-100F3CD1868B}.Debug|Any CPU.Build.0 = Debug|Any CPU
		{D68D8A06-FA6A-4C26-BC96-100F3CD1868B}.Release|Any CPU.ActiveCfg = Release|Any CPU
		{D68D8A06-FA6A-4C26-BC96-100F3CD1868B}.Release|Any CPU.Build.0 = Release|Any CPU
	EndGlobalSection
	GlobalSection(SolutionProperties) = preSolution
		HideSolutionNode = FALSE
	EndGlobalSection
	GlobalSection(ExtensibilityGlobals) = postSolution
		SolutionGuid = {BF517BD9-1BF8-44A6-BCF9-B92BB313612E}
	EndGlobalSection
EndGlobal
